
Microsoft Visual Studio Solution File, Format Version 12.00
# Visual Studio Version 17
VisualStudioVersion = 17.6.33829.357
MinimumVisualStudioVersion = 10.0.40219.1
Project("{FAE04EC0-301F-11D3-BF4B-00C04F79EFBC}") = "WindowsFormsApp1", "WindowsFormsApp1\WindowsFormsApp1.csproj", "{DFFC12DE-365D-43B9-B529-D50C1E5461F1}"
EndProject
Global
	GlobalSection(SolutionConfigurationPlatforms) = preSolution
		Debug|Any CPU = Debug|Any CPU
		Release|Any CPU = Release|Any CPU
	EndGlobalSection
	GlobalSection(ProjectConfigurationPlatforms) = postSolution
		{DFFC12DE-365D-43B9-B529-D50C1E5461F1}.Debug|Any CPU.ActiveCfg = Debug|Any CPU
		{DFFC12DE-365D-43B9-B529-D50C1E5461F1}.Debug|Any CPU.Build.0 = Debug|Any CPU
		{DFFC12DE-365D-43B9-B529-D50C1E5461F1}.Release|Any CPU.ActiveCfg = Release|Any CPU
		{DFFC12DE-365D-43B9-B529-D50C1E5461F1}.Release|Any CPU.Build.0 = Release|Any CPU
	EndGlobalSection
	GlobalSection(SolutionProperties) = preSolution
		HideSolutionNode = FALSE
	EndGlobalSection
	GlobalSection(ExtensibilityGlobals) = postSolution
		SolutionGuid = {2A572723-9A6F-48C9-8D92-5EAE22F4E8CD}
	EndGlobalSection
EndGlobal
